
Microsoft Visual Studio Solution File, Format Version 12.00
# Visual Studio Version 16
VisualStudioVersion = 16.0.29709.97
MinimumVisualStudioVersion = 10.0.40219.1
Project("{FAE04EC0-301F-11D3-BF4B-00C04F79EFBC}") = "EX 6A - Manipulating Arrays", "EX 6A - Manipulating Arrays.csproj", "{47306876-498C-4BCA-9C44-9ED9D2A7E3CE}"
EndProject
Global
	GlobalSection(SolutionConfigurationPlatforms) = preSolution
		Debug|Any CPU = Debug|Any CPU
		Release|Any CPU = Release|Any CPU
	EndGlobalSection
	GlobalSection(ProjectConfigurationPlatforms) = postSolution
		{47306876-498C-4BCA-9C44-9ED9D2A7E3CE}.Debug|Any CPU.ActiveCfg = Debug|Any CPU
		{47306876-498C-4BCA-9C44-9ED9D2A7E3CE}.Debug|Any CPU.Build.0 = Debug|Any CPU
		{47306876-498C-4BCA-9C44-9ED9D2A7E3CE}.Release|Any CPU.ActiveCfg = Release|Any CPU
		{47306876-498C-4BCA-9C44-9ED9D2A7E3CE}.Release|Any CPU.Build.0 = Release|Any CPU
	EndGlobalSection
	GlobalSection(SolutionProperties) = preSolution
		HideSolutionNode = FALSE
	EndGlobalSection
	GlobalSection(ExtensibilityGlobals) = postSolution
		SolutionGuid = {B29237F7-5F22-42F8-8F00-AF671042058D}
	EndGlobalSection
EndGlobal
